
Microsoft Visual Studio Solution File, Format Version 12.00
# Visual Studio 15
VisualStudioVersion = 15.0.26430.14
MinimumVisualStudioVersion = 10.0.40219.1
Project("{FAE04EC0-301F-11D3-BF4B-00C04F79EFBC}") = "Packet", "Packet\Packet.csproj", "{A36762BC-FC93-4FD4-B46B-0FF748FD0ACB}"
EndProject
Project("{2150E333-8FDC-42A3-9474-1A3956D46DE8}") = "Solution Items", "Solution Items", "{85F51054-31AF-40F6-962E-E6370A0A61F1}"
	ProjectSection(SolutionItems) = preProject
		..\Lab5 - Sniffer\ConwayLab05\ConwayLab05\Form2.cs = ..\Lab5 - Sniffer\ConwayLab05\ConwayLab05\Form2.cs
	EndProjectSection
EndProject
Global
	GlobalSection(SolutionConfigurationPlatforms) = preSolution
		Debug|Any CPU = Debug|Any CPU
		Release|Any CPU = Release|Any CPU
	EndGlobalSection
	GlobalSection(ProjectConfigurationPlatforms) = postSolution
		{A36762BC-FC93-4FD4-B46B-0FF748FD0ACB}.Debug|Any CPU.ActiveCfg = Debug|Any CPU
		{A36762BC-FC93-4FD4-B46B-0FF748FD0ACB}.Debug|Any CPU.Build.0 = Debug|Any CPU
		{A36762BC-FC93-4FD4-B46B-0FF748FD0ACB}.Release|Any CPU.ActiveCfg = Release|Any CPU
		{A36762BC-FC93-4FD4-B46B-0FF748FD0ACB}.Release|Any CPU.Build.0 = Release|Any CPU
	EndGlobalSection
	GlobalSection(SolutionProperties) = preSolution
		HideSolutionNode = FALSE
	EndGlobalSection
EndGlobal
